
Microsoft Visual Studio Solution File, Format Version 11.00
# Visual Studio 2010
Project("{FAE04EC0-301F-11D3-BF4B-00C04F79EFBC}") = "OpenSyno", "OpenSyno\OpenSyno.csproj", "{5002B837-907D-4DEF-93BF-8D8A54BE4CE3}"
EndProject
Project("{FAE04EC0-301F-11D3-BF4B-00C04F79EFBC}") = "OpenSyno.SynoWP7", "OpenSyno.SynoWP7\OpenSyno.SynoWP7.csproj", "{16DA973A-2885-4E6E-89CD-5CA3825B3CA6}"
EndProject
Project("{FAE04EC0-301F-11D3-BF4B-00C04F79EFBC}") = "OpenSyno.BackgroundPlaybackAgent", "OpenSyno.BackgroundPlaybackAgent\OpenSyno.BackgroundPlaybackAgent.csproj", "{431F6AB6-E2DF-4D54-B467-2AC8CC90889D}"
EndProject
Project("{FAE04EC0-301F-11D3-BF4B-00C04F79EFBC}") = "OpenSyno.Common", "OpenSyno.Common\OpenSyno.Common.csproj", "{A353B441-D677-4688-836A-33044EF1E60E}"
EndProject
Project("{FAE04EC0-301F-11D3-BF4B-00C04F79EFBC}") = "OpemSyno.Contracts", "OpemSyno.Contracts\OpemSyno.Contracts.csproj", "{231AB4AB-1043-4856-9730-7C3418717EA8}"
EndProject
Project("{FAE04EC0-301F-11D3-BF4B-00C04F79EFBC}") = "OpenSyno.AudioStreamAgent", "OpenSyno.AudioStreamAgent\OpenSyno.AudioStreamAgent.csproj", "{6E1DCE88-264F-49AD-827F-52059D4C983D}"
EndProject
Global
	GlobalSection(SolutionConfigurationPlatforms) = preSolution
		Debug|Any CPU = Debug|Any CPU
		Release|Any CPU = Release|Any CPU
	EndGlobalSection
	GlobalSection(ProjectConfigurationPlatforms) = postSolution
		{5002B837-907D-4DEF-93BF-8D8A54BE4CE3}.Debug|Any CPU.ActiveCfg = Debug|Any CPU
		{5002B837-907D-4DEF-93BF-8D8A54BE4CE3}.Debug|Any CPU.Build.0 = Debug|Any CPU
		{5002B837-907D-4DEF-93BF-8D8A54BE4CE3}.Debug|Any CPU.Deploy.0 = Debug|Any CPU
		{5002B837-907D-4DEF-93BF-8D8A54BE4CE3}.Release|Any CPU.ActiveCfg = Release|Any CPU
		{5002B837-907D-4DEF-93BF-8D8A54BE4CE3}.Release|Any CPU.Build.0 = Release|Any CPU
		{5002B837-907D-4DEF-93BF-8D8A54BE4CE3}.Release|Any CPU.Deploy.0 = Release|Any CPU
		{16DA973A-2885-4E6E-89CD-5CA3825B3CA6}.Debug|Any CPU.ActiveCfg = Debug|Any CPU
		{16DA973A-2885-4E6E-89CD-5CA3825B3CA6}.Debug|Any CPU.Build.0 = Debug|Any CPU
		{16DA973A-2885-4E6E-89CD-5CA3825B3CA6}.Release|Any CPU.ActiveCfg = Release|Any CPU
		{16DA973A-2885-4E6E-89CD-5CA3825B3CA6}.Release|Any CPU.Build.0 = Release|Any CPU
		{431F6AB6-E2DF-4D54-B467-2AC8CC90889D}.Debug|Any CPU.ActiveCfg = Debug|Any CPU
		{431F6AB6-E2DF-4D54-B467-2AC8CC90889D}.Debug|Any CPU.Build.0 = Debug|Any CPU
		{431F6AB6-E2DF-4D54-B467-2AC8CC90889D}.Release|Any CPU.ActiveCfg = Release|Any CPU
		{431F6AB6-E2DF-4D54-B467-2AC8CC90889D}.Release|Any CPU.Build.0 = Release|Any CPU
		{A353B441-D677-4688-836A-33044EF1E60E}.Debug|Any CPU.ActiveCfg = Debug|Any CPU
		{A353B441-D677-4688-836A-33044EF1E60E}.Debug|Any CPU.Build.0 = Debug|Any CPU
		{A353B441-D677-4688-836A-33044EF1E60E}.Release|Any CPU.ActiveCfg = Release|Any CPU
		{A353B441-D677-4688-836A-33044EF1E60E}.Release|Any CPU.Build.0 = Release|Any CPU
		{231AB4AB-1043-4856-9730-7C3418717EA8}.Debug|Any CPU.ActiveCfg = Debug|Any CPU
		{231AB4AB-1043-4856-9730-7C3418717EA8}.Debug|Any CPU.Build.0 = Debug|Any CPU
		{231AB4AB-1043-4856-9730-7C3418717EA8}.Debug|Any CPU.Deploy.0 = Debug|Any CPU
		{231AB4AB-1043-4856-9730-7C3418717EA8}.Release|Any CPU.ActiveCfg = Release|Any CPU
		{231AB4AB-1043-4856-9730-7C3418717EA8}.Release|Any CPU.Build.0 = Release|Any CPU
		{6E1DCE88-264F-49AD-827F-52059D4C983D}.Debug|Any CPU.ActiveCfg = Debug|Any CPU
		{6E1DCE88-264F-49AD-827F-52059D4C983D}.Debug|Any CPU.Build.0 = Debug|Any CPU
		{6E1DCE88-264F-49AD-827F-52059D4C983D}.Release|Any CPU.ActiveCfg = Release|Any CPU
		{6E1DCE88-264F-49AD-827F-52059D4C983D}.Release|Any CPU.Build.0 = Release|Any CPU
	EndGlobalSection
	GlobalSection(SolutionProperties) = preSolution
		HideSolutionNode = FALSE
	EndGlobalSection
EndGlobal
